
Microsoft Visual Studio Solution File, Format Version 12.00
Project("{FAE04EC0-301F-11D3-BF4B-00C04F79EFBC}") = "AXA", "AXA\AXA.csproj", "{20B8A936-47AB-40AD-BEC1-46A980DE8411}"
EndProject
Project("{FAE04EC0-301F-11D3-BF4B-00C04F79EFBC}") = "AXA Library", "AXA Library\AXA Library.csproj", "{88348F59-7E71-4D9E-B7CB-B197CFB7A188}"
EndProject
Global
	GlobalSection(SolutionConfigurationPlatforms) = preSolution
		Debug|Any CPU = Debug|Any CPU
		Release|Any CPU = Release|Any CPU
	EndGlobalSection
	GlobalSection(ProjectConfigurationPlatforms) = postSolution
		{20B8A936-47AB-40AD-BEC1-46A980DE8411}.Debug|Any CPU.ActiveCfg = Debug|Any CPU
		{20B8A936-47AB-40AD-BEC1-46A980DE8411}.Debug|Any CPU.Build.0 = Debug|Any CPU
		{20B8A936-47AB-40AD-BEC1-46A980DE8411}.Release|Any CPU.ActiveCfg = Release|Any CPU
		{20B8A936-47AB-40AD-BEC1-46A980DE8411}.Release|Any CPU.Build.0 = Release|Any CPU
		{88348F59-7E71-4D9E-B7CB-B197CFB7A188}.Debug|Any CPU.ActiveCfg = Debug|Any CPU
		{88348F59-7E71-4D9E-B7CB-B197CFB7A188}.Debug|Any CPU.Build.0 = Debug|Any CPU
		{88348F59-7E71-4D9E-B7CB-B197CFB7A188}.Release|Any CPU.ActiveCfg = Release|Any CPU
		{88348F59-7E71-4D9E-B7CB-B197CFB7A188}.Release|Any CPU.Build.0 = Release|Any CPU
	EndGlobalSection
EndGlobal
